[root]
name = "sylph"
version = "0.1.0"
dependencies = [
 "nom 2.0.0 (registry+https://github.com/rust-lang/crates.io-index)",
]

[[package]]
name = "nom"
version = "2.0.0"
source = "registry+https://github.com/rust-lang/crates.io-index"

[metadata]
"checksum nom 2.0.0 (registry+https://github.com/rust-lang/crates.io-index)" = "628d6ee18ab0ca1c1feb3331caa6ad2e53f6053b2505662b90d194889bbcd571"
